
Microsoft Visual Studio Solution File, Format Version 12.00
# Visual Studio Version 17
VisualStudioVersion = 17.0.31903.59
MinimumVisualStudioVersion = 10.0.40219.1
Project("{2150E333-8FDC-42A3-9474-1A3956D46DE8}") = "src", "src", "{827E0CD3-B72D-47B6-A68D-7590B98EB39B}"
EndProject
Project("{FAE04EC0-301F-11D3-BF4B-00C04F79EFBC}") = "Divertiflix.Api", "src\Divertiflix.Api\Divertiflix.Api.csproj", "{9D70A288-CC18-4B65-868A-5D1FF8D3A3E7}"
EndProject
Project("{FAE04EC0-301F-11D3-BF4B-00C04F79EFBC}") = "Divertiflix.Domain", "src\Divertiflix.Domain\Divertiflix.Domain.csproj", "{9F7D1E61-B9F3-4CC9-9010-6F98F9612EF0}"
EndProject
Project("{FAE04EC0-301F-11D3-BF4B-00C04F79EFBC}") = "Divertiflix.Infrastructure", "src\Divertiflix.Infrastructure\Divertiflix.Infrastructure.csproj", "{197C3718-65E2-4A25-A4B4-364A13C0B0DF}"
EndProject
Project("{FAE04EC0-301F-11D3-BF4B-00C04F79EFBC}") = "Divertiflix.Tests", "tests\Divertiflix.Tests\Divertiflix.Tests.csproj", "{DEA39418-E61A-47D7-9453-CF3E006808CA}"
EndProject
Global
	GlobalSection(SolutionConfigurationPlatforms) = preSolution
		Debug|Any CPU = Debug|Any CPU
		Debug|x64 = Debug|x64
		Debug|x86 = Debug|x86
		Release|Any CPU = Release|Any CPU
		Release|x64 = Release|x64
		Release|x86 = Release|x86
	EndGlobalSection
	GlobalSection(ProjectConfigurationPlatforms) = postSolution
		{9D70A288-CC18-4B65-868A-5D1FF8D3A3E7}.Debug|Any CPU.ActiveCfg = Debug|Any CPU
		{9D70A288-CC18-4B65-868A-5D1FF8D3A3E7}.Debug|Any CPU.Build.0 = Debug|Any CPU
		{9D70A288-CC18-4B65-868A-5D1FF8D3A3E7}.Debug|x64.ActiveCfg = Debug|Any CPU
		{9D70A288-CC18-4B65-868A-5D1FF8D3A3E7}.Debug|x64.Build.0 = Debug|Any CPU
		{9D70A288-CC18-4B65-868A-5D1FF8D3A3E7}.Debug|x86.ActiveCfg = Debug|Any CPU
		{9D70A288-CC18-4B65-868A-5D1FF8D3A3E7}.Debug|x86.Build.0 = Debug|Any CPU
		{9D70A288-CC18-4B65-868A-5D1FF8D3A3E7}.Release|Any CPU.ActiveCfg = Release|Any CPU
		{9D70A288-CC18-4B65-868A-5D1FF8D3A3E7}.Release|Any CPU.Build.0 = Release|Any CPU
		{9D70A288-CC18-4B65-868A-5D1FF8D3A3E7}.Release|x64.ActiveCfg = Release|Any CPU
		{9D70A288-CC18-4B65-868A-5D1FF8D3A3E7}.Release|x64.Build.0 = Release|Any CPU
		{9D70A288-CC18-4B65-868A-5D1FF8D3A3E7}.Release|x86.ActiveCfg = Release|Any CPU
		{9D70A288-CC18-4B65-868A-5D1FF8D3A3E7}.Release|x86.Build.0 = Release|Any CPU
		{9F7D1E61-B9F3-4CC9-9010-6F98F9612EF0}.Debug|Any CPU.ActiveCfg = Debug|Any CPU
		{9F7D1E61-B9F3-4CC9-9010-6F98F9612EF0}.Debug|Any CPU.Build.0 = Debug|Any CPU
		{9F7D1E61-B9F3-4CC9-9010-6F98F9612EF0}.Debug|x64.ActiveCfg = Debug|Any CPU
		{9F7D1E61-B9F3-4CC9-9010-6F98F9612EF0}.Debug|x64.Build.0 = Debug|Any CPU
		{9F7D1E61-B9F3-4CC9-9010-6F98F9612EF0}.Debug|x86.ActiveCfg = Debug|Any CPU
		{9F7D1E61-B9F3-4CC9-9010-6F98F9612EF0}.Debug|x86.Build.0 = Debug|Any CPU
		{9F7D1E61-B9F3-4CC9-9010-6F98F9612EF0}.Release|Any CPU.ActiveCfg = Release|Any CPU
		{9F7D1E61-B9F3-4CC9-9010-6F98F9612EF0}.Release|Any CPU.Build.0 = Release|Any CPU
		{9F7D1E61-B9F3-4CC9-9010-6F98F9612EF0}.Release|x64.ActiveCfg = Release|Any CPU
		{9F7D1E61-B9F3-4CC9-9010-6F98F9612EF0}.Release|x64.Build.0 = Release|Any CPU
		{9F7D1E61-B9F3-4CC9-9010-6F98F9612EF0}.Release|x86.ActiveCfg = Release|Any CPU
		{9F7D1E61-B9F3-4CC9-9010-6F98F9612EF0}.Release|x86.Build.0 = Release|Any CPU
		{197C3718-65E2-4A25-A4B4-364A13C0B0DF}.Debug|Any CPU.ActiveCfg = Debug|Any CPU
		{197C3718-65E2-4A25-A4B4-364A13C0B0DF}.Debug|Any CPU.Build.0 = Debug|Any CPU
		{197C3718-65E2-4A25-A4B4-364A13C0B0DF}.Debug|x64.ActiveCfg = Debug|Any CPU
		{197C3718-65E2-4A25-A4B4-364A13C0B0DF}.Debug|x64.Build.0 = Debug|Any CPU
		{197C3718-65E2-4A25-A4B4-364A13C0B0DF}.Debug|x86.ActiveCfg = Debug|Any CPU
		{197C3718-65E2-4A25-A4B4-364A13C0B0DF}.Debug|x86.Build.0 = Debug|Any CPU
		{197C3718-65E2-4A25-A4B4-364A13C0B0DF}.Release|Any CPU.ActiveCfg = Release|Any CPU
		{197C3718-65E2-4A25-A4B4-364A13C0B0DF}.Release|Any CPU.Build.0 = Release|Any CPU
		{197C3718-65E2-4A25-A4B4-364A13C0B0DF}.Release|x64.ActiveCfg = Release|Any CPU
		{197C3718-65E2-4A25-A4B4-364A13C0B0DF}.Release|x64.Build.0 = Release|Any CPU
		{197C3718-65E2-4A25-A4B4-364A13C0B0DF}.Release|x86.ActiveCfg = Release|Any CPU
		{197C3718-65E2-4A25-A4B4-364A13C0B0DF}.Release|x86.Build.0 = Release|Any CPU
		{DEA39418-E61A-47D7-9453-CF3E006808CA}.Debug|Any CPU.ActiveCfg = Debug|Any CPU
		{DEA39418-E61A-47D7-9453-CF3E006808CA}.Debug|Any CPU.Build.0 = Debug|Any CPU
		{DEA39418-E61A-47D7-9453-CF3E006808CA}.Debug|x64.ActiveCfg = Debug|Any CPU
		{DEA39418-E61A-47D7-9453-CF3E006808CA}.Debug|x64.Build.0 = Debug|Any CPU
		{DEA39418-E61A-47D7-9453-CF3E006808CA}.Debug|x86.ActiveCfg = Debug|Any CPU
		{DEA39418-E61A-47D7-9453-CF3E006808CA}.Debug|x86.Build.0 = Debug|Any CPU
		{DEA39418-E61A-47D7-9453-CF3E006808CA}.Release|Any CPU.ActiveCfg = Release|Any CPU
		{DEA39418-E61A-47D7-9453-CF3E006808CA}.Release|Any CPU.Build.0 = Release|Any CPU
		{DEA39418-E61A-47D7-9453-CF3E006808CA}.Release|x64.ActiveCfg = Release|Any CPU
		{DEA39418-E61A-47D7-9453-CF3E006808CA}.Release|x64.Build.0 = Release|Any CPU
		{DEA39418-E61A-47D7-9453-CF3E006808CA}.Release|x86.ActiveCfg = Release|Any CPU
		{DEA39418-E61A-47D7-9453-CF3E006808CA}.Release|x86.Build.0 = Release|Any CPU
	EndGlobalSection
	GlobalSection(SolutionProperties) = preSolution
		HideSolutionNode = FALSE
	EndGlobalSection
	GlobalSection(NestedProjects) = preSolution
		{9D70A288-CC18-4B65-868A-5D1FF8D3A3E7} = {827E0CD3-B72D-47B6-A68D-7590B98EB39B}
		{9F7D1E61-B9F3-4CC9-9010-6F98F9612EF0} = {827E0CD3-B72D-47B6-A68D-7590B98EB39B}
		{197C3718-65E2-4A25-A4B4-364A13C0B0DF} = {827E0CD3-B72D-47B6-A68D-7590B98EB39B}
		{DEA39418-E61A-47D7-9453-CF3E006808CA} = {827E0CD3-B72D-47B6-A68D-7590B98EB39B}
	EndGlobalSection
EndGlobal
